{
  "version": "4",
  "redirects": {
    "https://deno.land/x/notion_sdk/src/mod.ts": "https://deno.land/x/notion_sdk@v2.2.3/src/mod.ts"
  },
  "remote": {
    "https://deno.land/x/notion_sdk@v2.2.3/src/Client.ts": "00938a998e9aa825688979e6b51669f12387ff9800477dda255ca325a7868de8",
    "https://deno.land/x/notion_sdk@v2.2.3/src/api-endpoints.ts": "2390b0e86be564a00e1b97f2cf2877f5ffbe09221208cf93f865ce45ef71b27b",
    "https://deno.land/x/notion_sdk@v2.2.3/src/errors.ts": "43a4845c2e6576ccee7c6056172a194a6baefc3957d1ac92af6420297883197a",
    "https://deno.land/x/notion_sdk@v2.2.3/src/helpers.ts": "f5623eb0999cdbaede187af6737eac4cd557d089ee09399bd920d3d55b296743",
    "https://deno.land/x/notion_sdk@v2.2.3/src/logging.ts": "78ff1ed03a20a356b9c9f2cb080aaafec80702c9c292d3a6d229f34e39be6869",
    "https://deno.land/x/notion_sdk@v2.2.3/src/mod.ts": "fd42505b28c4dcc791369f2a070a4871799aa86bbfdb39f60745dd7746a4e684",
    "https://deno.land/x/notion_sdk@v2.2.3/src/type-utils.ts": "f533961a11ca45b4362de4688087104da18c37f5fc081c2d388112891287f033",
    "https://deno.land/x/notion_sdk@v2.2.3/src/utils.ts": "e47eefcad19c6b4ce4c5ee7f34e9201edf4ba7af5f9e3fababc3253e0bb637cd"
  }
}
